# Ruby gems used as integration-test fixtures for lex/parse smoke tests.
# Fetched into testdata/gems/<name> by testdata/fetch_gems.sh (also `make gems`).
# Format: name<TAB>git-url<TAB>ref      (ref = tag, branch, or commit sha)
# Lines starting with '#' and blank lines are ignored.

minitest	https://github.com/minitest/minitest.git	v5.25.4
rake	https://github.com/ruby/rake.git	v13.2.1
pyramid-scheme	https://github.com/ConorOBrien-Foxx/Pyramid-Scheme.git	master
