# MRI Ruby versions used as integration-test fixtures for lex/parse smoke tests.
# Fetched into testdata/rubies/<version>/ by testdata/fetch_rubies.sh (also `make rubies`).
# Each version dir contains:
#   test/ruby/  -- MRI language test suite (.rb files)
#   lib/        -- Ruby standard library shipped with this MRI version
# Format: version<TAB>source-url<TAB>sha256
# source-url can be a .tar.gz or .tar.xz from https://cache.ruby-lang.org/pub/ruby/
# Lines starting with '#' and blank lines are ignored.

2.7.8	https://cache.ruby-lang.org/pub/ruby/2.7/ruby-2.7.8.tar.gz	sha256:89b4b78e01c5b6f9decbbfffaa78f127b6c6c2da54bc189346068e010d6730e7
3.0.7	https://cache.ruby-lang.org/pub/ruby/3.0/ruby-3.0.7.tar.gz	sha256:b18ef33a930a71fb5f746cecd928f6b10e05ede038016f3a1b6a9e8e4e25f9cf
3.1.7	https://cache.ruby-lang.org/pub/ruby/3.1/ruby-3.1.7.tar.gz	sha256:8b72d9796041f2b987ecc25b02a8c68c3b4ee0c6f5c61353f69498643e0f33de
3.2.8	https://cache.ruby-lang.org/pub/ruby/3.2/ruby-3.2.8.tar.gz	sha256:6ef23c08a2ae8e6223c0870134895bf7d2861052e49ec28398d9489f31dd3725
3.3.8	https://cache.ruby-lang.org/pub/ruby/3.3/ruby-3.3.8.tar.gz	sha256:d9895520a7c13c785b6be78dd7e76b9f2c173bb4522f9f926f2a6a625293f97b
3.4.3	https://cache.ruby-lang.org/pub/ruby/3.4/ruby-3.4.3.tar.gz	sha256:1ccb7a21183038d1846ac7c6f5bd2c5c2fd22e6544260bf9f179147eeb988a90
#
